
Microsoft Visual Studio Solution File, Format Version 12.00
# Visual Studio 2013
VisualStudioVersion = 12.0.40629.0
MinimumVisualStudioVersion = 10.0.40219.1
Project("{2150E333-8FDC-42A3-9474-1A3956D46DE8}") = "ABS9", "ABS9", "{ECF4DA43-A16E-47AA-A228-A495B3C138D0}"
EndProject
Project("{2150E333-8FDC-42A3-9474-1A3956D46DE8}") = "ABS8", "ABS8", "{341DFB76-6BAC-43FF-8C46-350F5AC36683}"
EndProject
Project("{FAE04EC0-301F-11D3-BF4B-00C04F79EFBC}") = "SqlCommandTool", "ABS8\SqlCommandTool\SqlCommandTool.csproj", "{775D9CBD-359F-44AC-8BCD-A7D7479A5F8C}"
EndProject
Project("{FAE04EC0-301F-11D3-BF4B-00C04F79EFBC}") = "MesOracleViewExportExcel", "ABS8\MesOracleViewExportExcel\MesOracleViewExportExcel\MesOracleViewExportExcel.csproj", "{468235DA-5551-4AC5-944E-DC33804C6A7B}"
EndProject
Project("{FAE04EC0-301F-11D3-BF4B-00C04F79EFBC}") = "FmsOracleViewExportExcel", "ABS8\FmsOracleViewExportExcel\FmsOracleViewExportExcel.csproj", "{5C78D0A6-40AC-4EAD-99FF-D15D76556F13}"
EndProject
Project("{FAE04EC0-301F-11D3-BF4B-00C04F79EFBC}") = "DownTimeSplitService", "ABS8\DownTimeSplitServer\DownTimeSplitService.csproj", "{AD5AD298-016A-4429-B33B-F48AFC07A910}"
EndProject
Project("{FAE04EC0-301F-11D3-BF4B-00C04F79EFBC}") = "OracleConnectionTool", "OracleConnection\OracleConnectionTool.csproj", "{11B735D2-9EFF-4307-B14B-19571C133544}"
EndProject
Project("{FAE04EC0-301F-11D3-BF4B-00C04F79EFBC}") = "ExcelDataImport", "ExcelDataImport\ExcelDataImport.csproj", "{70D56AF6-3C81-4216-BC60-581692A8F5D1}"
EndProject
Project("{FAE04EC0-301F-11D3-BF4B-00C04F79EFBC}") = "OracleDataAccess", "OracleDALLib\OracleDataAccess.csproj", "{60866E23-1A1B-49C1-B205-E97860F97FA7}"
EndProject
Project("{FAE04EC0-301F-11D3-BF4B-00C04F79EFBC}") = "OracleToOracle", "ABS8\OracleToOracle\OracleToOracle\OracleToOracle.csproj", "{E68A18A1-F39C-4694-8729-BA85365C0089}"
EndProject
Project("{FAE04EC0-301F-11D3-BF4B-00C04F79EFBC}") = "TimeCalculate", "TimeCalculate\TimeCalculate.csproj", "{6D9C0408-EBE4-4AF4-A805-B3FB707E498F}"
EndProject
Global
	GlobalSection(SolutionConfigurationPlatforms) = preSolution
		Debug|Any CPU = Debug|Any CPU
		Release|Any CPU = Release|Any CPU
	EndGlobalSection
	GlobalSection(ProjectConfigurationPlatforms) = postSolution
		{775D9CBD-359F-44AC-8BCD-A7D7479A5F8C}.Debug|Any CPU.ActiveCfg = Debug|Any CPU
		{775D9CBD-359F-44AC-8BCD-A7D7479A5F8C}.Debug|Any CPU.Build.0 = Debug|Any CPU
		{775D9CBD-359F-44AC-8BCD-A7D7479A5F8C}.Release|Any CPU.ActiveCfg = Release|Any CPU
		{775D9CBD-359F-44AC-8BCD-A7D7479A5F8C}.Release|Any CPU.Build.0 = Release|Any CPU
		{468235DA-5551-4AC5-944E-DC33804C6A7B}.Debug|Any CPU.ActiveCfg = Debug|Any CPU
		{468235DA-5551-4AC5-944E-DC33804C6A7B}.Debug|Any CPU.Build.0 = Debug|Any CPU
		{468235DA-5551-4AC5-944E-DC33804C6A7B}.Release|Any CPU.ActiveCfg = Release|Any CPU
		{468235DA-5551-4AC5-944E-DC33804C6A7B}.Release|Any CPU.Build.0 = Release|Any CPU
		{5C78D0A6-40AC-4EAD-99FF-D15D76556F13}.Debug|Any CPU.ActiveCfg = Debug|Any CPU
		{5C78D0A6-40AC-4EAD-99FF-D15D76556F13}.Debug|Any CPU.Build.0 = Debug|Any CPU
		{5C78D0A6-40AC-4EAD-99FF-D15D76556F13}.Release|Any CPU.ActiveCfg = Release|Any CPU
		{5C78D0A6-40AC-4EAD-99FF-D15D76556F13}.Release|Any CPU.Build.0 = Release|Any CPU
		{AD5AD298-016A-4429-B33B-F48AFC07A910}.Debug|Any CPU.ActiveCfg = Debug|Any CPU
		{AD5AD298-016A-4429-B33B-F48AFC07A910}.Debug|Any CPU.Build.0 = Debug|Any CPU
		{AD5AD298-016A-4429-B33B-F48AFC07A910}.Release|Any CPU.ActiveCfg = Release|Any CPU
		{AD5AD298-016A-4429-B33B-F48AFC07A910}.Release|Any CPU.Build.0 = Release|Any CPU
		{11B735D2-9EFF-4307-B14B-19571C133544}.Debug|Any CPU.ActiveCfg = Debug|Any CPU
		{11B735D2-9EFF-4307-B14B-19571C133544}.Debug|Any CPU.Build.0 = Debug|Any CPU
		{11B735D2-9EFF-4307-B14B-19571C133544}.Release|Any CPU.ActiveCfg = Release|Any CPU
		{11B735D2-9EFF-4307-B14B-19571C133544}.Release|Any CPU.Build.0 = Release|Any CPU
		{70D56AF6-3C81-4216-BC60-581692A8F5D1}.Debug|Any CPU.ActiveCfg = Debug|Any CPU
		{70D56AF6-3C81-4216-BC60-581692A8F5D1}.Debug|Any CPU.Build.0 = Debug|Any CPU
		{70D56AF6-3C81-4216-BC60-581692A8F5D1}.Release|Any CPU.ActiveCfg = Release|Any CPU
		{70D56AF6-3C81-4216-BC60-581692A8F5D1}.Release|Any CPU.Build.0 = Release|Any CPU
		{60866E23-1A1B-49C1-B205-E97860F97FA7}.Debug|Any CPU.ActiveCfg = Debug|Any CPU
		{60866E23-1A1B-49C1-B205-E97860F97FA7}.Debug|Any CPU.Build.0 = Debug|Any CPU
		{60866E23-1A1B-49C1-B205-E97860F97FA7}.Release|Any CPU.ActiveCfg = Release|Any CPU
		{60866E23-1A1B-49C1-B205-E97860F97FA7}.Release|Any CPU.Build.0 = Release|Any CPU
		{E68A18A1-F39C-4694-8729-BA85365C0089}.Debug|Any CPU.ActiveCfg = Debug|Any CPU
		{E68A18A1-F39C-4694-8729-BA85365C0089}.Debug|Any CPU.Build.0 = Debug|Any CPU
		{E68A18A1-F39C-4694-8729-BA85365C0089}.Release|Any CPU.ActiveCfg = Release|Any CPU
		{E68A18A1-F39C-4694-8729-BA85365C0089}.Release|Any CPU.Build.0 = Release|Any CPU
		{6D9C0408-EBE4-4AF4-A805-B3FB707E498F}.Debug|Any CPU.ActiveCfg = Debug|Any CPU
		{6D9C0408-EBE4-4AF4-A805-B3FB707E498F}.Debug|Any CPU.Build.0 = Debug|Any CPU
		{6D9C0408-EBE4-4AF4-A805-B3FB707E498F}.Release|Any CPU.ActiveCfg = Release|Any CPU
		{6D9C0408-EBE4-4AF4-A805-B3FB707E498F}.Release|Any CPU.Build.0 = Release|Any CPU
	EndGlobalSection
	GlobalSection(SolutionProperties) = preSolution
		HideSolutionNode = FALSE
	EndGlobalSection
	GlobalSection(NestedProjects) = preSolution
		{775D9CBD-359F-44AC-8BCD-A7D7479A5F8C} = {341DFB76-6BAC-43FF-8C46-350F5AC36683}
		{468235DA-5551-4AC5-944E-DC33804C6A7B} = {341DFB76-6BAC-43FF-8C46-350F5AC36683}
		{5C78D0A6-40AC-4EAD-99FF-D15D76556F13} = {341DFB76-6BAC-43FF-8C46-350F5AC36683}
		{AD5AD298-016A-4429-B33B-F48AFC07A910} = {341DFB76-6BAC-43FF-8C46-350F5AC36683}
		{11B735D2-9EFF-4307-B14B-19571C133544} = {341DFB76-6BAC-43FF-8C46-350F5AC36683}
		{70D56AF6-3C81-4216-BC60-581692A8F5D1} = {341DFB76-6BAC-43FF-8C46-350F5AC36683}
		{60866E23-1A1B-49C1-B205-E97860F97FA7} = {341DFB76-6BAC-43FF-8C46-350F5AC36683}
		{E68A18A1-F39C-4694-8729-BA85365C0089} = {341DFB76-6BAC-43FF-8C46-350F5AC36683}
		{6D9C0408-EBE4-4AF4-A805-B3FB707E498F} = {341DFB76-6BAC-43FF-8C46-350F5AC36683}
	EndGlobalSection
EndGlobal
